
Microsoft Visual Studio Solution File, Format Version 12.00
# Visual Studio 2012
Project("{FAE04EC0-301F-11D3-BF4B-00C04F79EFBC}") = "Cake.UServer", "Cake.UServer\Cake.UServer.csproj", "{68121F1E-27EE-4034-94E2-9D1F93A5E02F}"
EndProject
Project("{FAE04EC0-301F-11D3-BF4B-00C04F79EFBC}") = "Cake.UServer.Console", "Cake.UServer.Console\Cake.UServer.Console.csproj", "{77053BCD-1688-487A-AF42-4270DD8A472E}"
EndProject
Global
	GlobalSection(SolutionConfigurationPlatforms) = preSolution
		Debug|Any CPU = Debug|Any CPU
		Release|Any CPU = Release|Any CPU
	EndGlobalSection
	GlobalSection(ProjectConfigurationPlatforms) = postSolution
		{68121F1E-27EE-4034-94E2-9D1F93A5E02F}.Debug|Any CPU.ActiveCfg = Debug|Any CPU
		{68121F1E-27EE-4034-94E2-9D1F93A5E02F}.Debug|Any CPU.Build.0 = Debug|Any CPU
		{68121F1E-27EE-4034-94E2-9D1F93A5E02F}.Release|Any CPU.ActiveCfg = Release|Any CPU
		{68121F1E-27EE-4034-94E2-9D1F93A5E02F}.Release|Any CPU.Build.0 = Release|Any CPU
		{77053BCD-1688-487A-AF42-4270DD8A472E}.Debug|Any CPU.ActiveCfg = Debug|Any CPU
		{77053BCD-1688-487A-AF42-4270DD8A472E}.Debug|Any CPU.Build.0 = Debug|Any CPU
		{77053BCD-1688-487A-AF42-4270DD8A472E}.Release|Any CPU.ActiveCfg = Release|Any CPU
		{77053BCD-1688-487A-AF42-4270DD8A472E}.Release|Any CPU.Build.0 = Release|Any CPU
	EndGlobalSection
EndGlobal
